
Microsoft Visual Studio Solution File, Format Version 12.00
# Visual Studio Version 16
VisualStudioVersion = 16.0.29020.237
MinimumVisualStudioVersion = 10.0.40219.1
Project("{FAE04EC0-301F-11D3-BF4B-00C04F79EFBC}") = "RecentRecordsDemo", "RecentRecordsDemo\RecentRecordsDemo.csproj", "{F4A0D1A4-B362-406F-910A-8EAF7D6DFD92}"
EndProject
Global
	GlobalSection(SolutionConfigurationPlatforms) = preSolution
		Debug|Any CPU = Debug|Any CPU
		Release|Any CPU = Release|Any CPU
	EndGlobalSection
	GlobalSection(ProjectConfigurationPlatforms) = postSolution
		{F4A0D1A4-B362-406F-910A-8EAF7D6DFD92}.Debug|Any CPU.ActiveCfg = Debug|Any CPU
		{F4A0D1A4-B362-406F-910A-8EAF7D6DFD92}.Debug|Any CPU.Build.0 = Debug|Any CPU
		{F4A0D1A4-B362-406F-910A-8EAF7D6DFD92}.Release|Any CPU.ActiveCfg = Release|Any CPU
		{F4A0D1A4-B362-406F-910A-8EAF7D6DFD92}.Release|Any CPU.Build.0 = Release|Any CPU
	EndGlobalSection
	GlobalSection(SolutionProperties) = preSolution
		HideSolutionNode = FALSE
	EndGlobalSection
	GlobalSection(ExtensibilityGlobals) = postSolution
		SolutionGuid = {AD5E6058-042B-4B3C-9591-C98EF17B9DF8}
	EndGlobalSection
EndGlobal
