
Microsoft Visual Studio Solution File, Format Version 12.00
# Visual Studio Version 16
VisualStudioVersion = 16.0.29123.88
MinimumVisualStudioVersion = 10.0.40219.1
Project("{FAE04EC0-301F-11D3-BF4B-00C04F79EFBC}") = "ExportExcelDemo", "ExportExcelDemo\ExportExcelDemo.csproj", "{35009A4A-9435-4909-B6A1-CC0EA5947A24}"
EndProject
Global
	GlobalSection(SolutionConfigurationPlatforms) = preSolution
		Debug|Any CPU = Debug|Any CPU
		Release|Any CPU = Release|Any CPU
	EndGlobalSection
	GlobalSection(ProjectConfigurationPlatforms) = postSolution
		{35009A4A-9435-4909-B6A1-CC0EA5947A24}.Debug|Any CPU.ActiveCfg = Debug|Any CPU
		{35009A4A-9435-4909-B6A1-CC0EA5947A24}.Debug|Any CPU.Build.0 = Debug|Any CPU
		{35009A4A-9435-4909-B6A1-CC0EA5947A24}.Release|Any CPU.ActiveCfg = Release|Any CPU
		{35009A4A-9435-4909-B6A1-CC0EA5947A24}.Release|Any CPU.Build.0 = Release|Any CPU
	EndGlobalSection
	GlobalSection(SolutionProperties) = preSolution
		HideSolutionNode = FALSE
	EndGlobalSection
	GlobalSection(ExtensibilityGlobals) = postSolution
		SolutionGuid = {FBB93C28-626E-4CEC-8FC5-C04AFCC53985}
	EndGlobalSection
EndGlobal
