
Microsoft Visual Studio Solution File, Format Version 12.00
# Visual Studio Version 16
VisualStudioVersion = 16.0.29123.88
MinimumVisualStudioVersion = 10.0.40219.1
Project("{FAE04EC0-301F-11D3-BF4B-00C04F79EFBC}") = "HttpClientHeaderPropagation", "HttpClientHeaderPropagation\HttpClientHeaderPropagation.csproj", "{8D4DDFB6-C84E-4CBB-B2F3-45B45B1963AB}"
EndProject
Global
	GlobalSection(SolutionConfigurationPlatforms) = preSolution
		Debug|Any CPU = Debug|Any CPU
		Release|Any CPU = Release|Any CPU
	EndGlobalSection
	GlobalSection(ProjectConfigurationPlatforms) = postSolution
		{8D4DDFB6-C84E-4CBB-B2F3-45B45B1963AB}.Debug|Any CPU.ActiveCfg = Debug|Any CPU
		{8D4DDFB6-C84E-4CBB-B2F3-45B45B1963AB}.Debug|Any CPU.Build.0 = Debug|Any CPU
		{8D4DDFB6-C84E-4CBB-B2F3-45B45B1963AB}.Release|Any CPU.ActiveCfg = Release|Any CPU
		{8D4DDFB6-C84E-4CBB-B2F3-45B45B1963AB}.Release|Any CPU.Build.0 = Release|Any CPU
	EndGlobalSection
	GlobalSection(SolutionProperties) = preSolution
		HideSolutionNode = FALSE
	EndGlobalSection
	GlobalSection(ExtensibilityGlobals) = postSolution
		SolutionGuid = {DE2F1167-0E79-461F-A7F9-5474A8F07213}
	EndGlobalSection
EndGlobal
