
Microsoft Visual Studio Solution File, Format Version 12.00
# Visual Studio 15
VisualStudioVersion = 15.0.27703.2035
MinimumVisualStudioVersion = 10.0.40219.1
Project("{FAE04EC0-301F-11D3-BF4B-00C04F79EFBC}") = "ESDemo", "ESDemo\ESDemo.csproj", "{B95649A2-7AB9-4BA3-9EF0-F37A58241D6B}"
EndProject
Global
	GlobalSection(SolutionConfigurationPlatforms) = preSolution
		Debug|Any CPU = Debug|Any CPU
		Release|Any CPU = Release|Any CPU
	EndGlobalSection
	GlobalSection(ProjectConfigurationPlatforms) = postSolution
		{B95649A2-7AB9-4BA3-9EF0-F37A58241D6B}.Debug|Any CPU.ActiveCfg = Debug|Any CPU
		{B95649A2-7AB9-4BA3-9EF0-F37A58241D6B}.Debug|Any CPU.Build.0 = Debug|Any CPU
		{B95649A2-7AB9-4BA3-9EF0-F37A58241D6B}.Release|Any CPU.ActiveCfg = Release|Any CPU
		{B95649A2-7AB9-4BA3-9EF0-F37A58241D6B}.Release|Any CPU.Build.0 = Release|Any CPU
	EndGlobalSection
	GlobalSection(SolutionProperties) = preSolution
		HideSolutionNode = FALSE
	EndGlobalSection
	GlobalSection(ExtensibilityGlobals) = postSolution
		SolutionGuid = {3C9CCC87-360F-4774-A447-EB07CF064F15}
	EndGlobalSection
EndGlobal
