
Microsoft Visual Studio Solution File, Format Version 12.00
# Visual Studio Version 16
VisualStudioVersion = 16.0.29123.89
MinimumVisualStudioVersion = 10.0.40219.1
Project("{FAE04EC0-301F-11D3-BF4B-00C04F79EFBC}") = "UserInfoService", "UserInfoService\UserInfoService.csproj", "{B3659F60-B7F6-4ECC-A5F4-0A73D2F691AA}"
EndProject
Project("{FAE04EC0-301F-11D3-BF4B-00C04F79EFBC}") = "UpService", "UpService\UpService.csproj", "{A2372FEC-7D87-4FA7-8C12-AE8C8990AEA3}"
EndProject
Global
	GlobalSection(SolutionConfigurationPlatforms) = preSolution
		Debug|Any CPU = Debug|Any CPU
		Release|Any CPU = Release|Any CPU
	EndGlobalSection
	GlobalSection(ProjectConfigurationPlatforms) = postSolution
		{B3659F60-B7F6-4ECC-A5F4-0A73D2F691AA}.Debug|Any CPU.ActiveCfg = Debug|Any CPU
		{B3659F60-B7F6-4ECC-A5F4-0A73D2F691AA}.Debug|Any CPU.Build.0 = Debug|Any CPU
		{B3659F60-B7F6-4ECC-A5F4-0A73D2F691AA}.Release|Any CPU.ActiveCfg = Release|Any CPU
		{B3659F60-B7F6-4ECC-A5F4-0A73D2F691AA}.Release|Any CPU.Build.0 = Release|Any CPU
		{A2372FEC-7D87-4FA7-8C12-AE8C8990AEA3}.Debug|Any CPU.ActiveCfg = Debug|Any CPU
		{A2372FEC-7D87-4FA7-8C12-AE8C8990AEA3}.Debug|Any CPU.Build.0 = Debug|Any CPU
		{A2372FEC-7D87-4FA7-8C12-AE8C8990AEA3}.Release|Any CPU.ActiveCfg = Release|Any CPU
		{A2372FEC-7D87-4FA7-8C12-AE8C8990AEA3}.Release|Any CPU.Build.0 = Release|Any CPU
	EndGlobalSection
	GlobalSection(SolutionProperties) = preSolution
		HideSolutionNode = FALSE
	EndGlobalSection
	GlobalSection(ExtensibilityGlobals) = postSolution
		SolutionGuid = {AEC61F95-D514-4D3A-B29E-174D8DE9125C}
	EndGlobalSection
EndGlobal
