
Microsoft Visual Studio Solution File, Format Version 12.00
# Visual Studio Version 16
VisualStudioVersion = 16.0.29519.87
MinimumVisualStudioVersion = 10.0.40219.1
Project("{FAE04EC0-301F-11D3-BF4B-00C04F79EFBC}") = "TemplatesDemo", "TemplatesDemo\TemplatesDemo.csproj", "{83CDDB90-2D38-44EB-B9D5-A4F73860F597}"
EndProject
Global
	GlobalSection(SolutionConfigurationPlatforms) = preSolution
		Debug|Any CPU = Debug|Any CPU
		Release|Any CPU = Release|Any CPU
	EndGlobalSection
	GlobalSection(ProjectConfigurationPlatforms) = postSolution
		{83CDDB90-2D38-44EB-B9D5-A4F73860F597}.Debug|Any CPU.ActiveCfg = Debug|Any CPU
		{83CDDB90-2D38-44EB-B9D5-A4F73860F597}.Debug|Any CPU.Build.0 = Debug|Any CPU
		{83CDDB90-2D38-44EB-B9D5-A4F73860F597}.Release|Any CPU.ActiveCfg = Release|Any CPU
		{83CDDB90-2D38-44EB-B9D5-A4F73860F597}.Release|Any CPU.Build.0 = Release|Any CPU
	EndGlobalSection
	GlobalSection(SolutionProperties) = preSolution
		HideSolutionNode = FALSE
	EndGlobalSection
	GlobalSection(ExtensibilityGlobals) = postSolution
		SolutionGuid = {3CF904F1-4156-4466-AB12-EAD16DFCD48D}
	EndGlobalSection
EndGlobal
