
Microsoft Visual Studio Solution File, Format Version 12.00
# Visual Studio Version 16
VisualStudioVersion = 16.0.29123.88
MinimumVisualStudioVersion = 10.0.40219.1
Project("{FAE04EC0-301F-11D3-BF4B-00C04F79EFBC}") = "MyBasedServiceA", "MyBasedServiceA\MyBasedServiceA.csproj", "{6638D49C-8367-4EF3-9BB2-25D90D88914F}"
EndProject
Project("{FAE04EC0-301F-11D3-BF4B-00C04F79EFBC}") = "XXXService", "XXXService\XXXService.csproj", "{EB278E36-0958-49C4-B467-7A6BA6209A87}"
EndProject
Global
	GlobalSection(SolutionConfigurationPlatforms) = preSolution
		Debug|Any CPU = Debug|Any CPU
		Release|Any CPU = Release|Any CPU
	EndGlobalSection
	GlobalSection(ProjectConfigurationPlatforms) = postSolution
		{6638D49C-8367-4EF3-9BB2-25D90D88914F}.Debug|Any CPU.ActiveCfg = Debug|Any CPU
		{6638D49C-8367-4EF3-9BB2-25D90D88914F}.Debug|Any CPU.Build.0 = Debug|Any CPU
		{6638D49C-8367-4EF3-9BB2-25D90D88914F}.Release|Any CPU.ActiveCfg = Release|Any CPU
		{6638D49C-8367-4EF3-9BB2-25D90D88914F}.Release|Any CPU.Build.0 = Release|Any CPU
		{EB278E36-0958-49C4-B467-7A6BA6209A87}.Debug|Any CPU.ActiveCfg = Debug|Any CPU
		{EB278E36-0958-49C4-B467-7A6BA6209A87}.Debug|Any CPU.Build.0 = Debug|Any CPU
		{EB278E36-0958-49C4-B467-7A6BA6209A87}.Release|Any CPU.ActiveCfg = Release|Any CPU
		{EB278E36-0958-49C4-B467-7A6BA6209A87}.Release|Any CPU.Build.0 = Release|Any CPU
	EndGlobalSection
	GlobalSection(SolutionProperties) = preSolution
		HideSolutionNode = FALSE
	EndGlobalSection
	GlobalSection(ExtensibilityGlobals) = postSolution
		SolutionGuid = {F5230A22-B63B-457E-8309-645FABB85B0A}
	EndGlobalSection
EndGlobal
